{
    "name": "amato",
    "version": "1.0.0",
    "lockfileVersion": 2,
    "requires": true,
    "packages": {
        "": {
            "version": "1.0.0",
            "license": "ISC",
            "dependencies": {
                "amato": "^1.0.0",
                "json-loader": "^0.5.7",
                "marked": "^1.2.5"
            },
            "devDependencies": {
                "@types/marked": "^1.2.0",
                "@types/node": "^14.14.9",
                "typescript": "^3.3.4000"
            }
        },
        "node_modules/@types/marked": {
            "version": "1.2.0",
            "resolved": "https://registry.npmjs.org/@types/marked/-/marked-1.2.0.tgz",
            "integrity": "sha512-Kj9T+GlJrQQbXL0R6/zuYLaqlrtTmEVXl5LojsjA3KbPn1IpetEUFwJWCi4aDgATtvaR5Yj5vqSGX9upoLbBng==",
            "dev": true
        },
        "node_modules/@types/node": {
            "version": "14.14.9",
            "resolved": "https://registry.npmjs.org/@types/node/-/node-14.14.9.tgz",
            "integrity": "sha512-JsoLXFppG62tWTklIoO4knA+oDTYsmqWxHRvd4lpmfQRNhX6osheUOWETP2jMoV/2bEHuMra8Pp3Dmo/stBFcw==",
            "dev": true
        },
        "node_modules/amato": {
            "version": "1.0.0",
            "resolved": "https://registry.npmjs.org/amato/-/amato-1.0.0.tgz",
            "integrity": "sha512-b1agZOvWa2f8KH6/GBNJ7bmtKrgs+RGqNHwEarf2FT8r1T9bnK04dE5mTjn/VHK0Khe4lgucXg2RW7oNo8ZmNg==",
            "dependencies": {
                "json-loader": "^0.5.7",
                "marked": "^1.2.5"
            }
        },
        "node_modules/json-loader": {
            "version": "0.5.7",
            "resolved": "https://registry.npmjs.org/json-loader/-/json-loader-0.5.7.tgz",
            "integrity": "sha512-QLPs8Dj7lnf3e3QYS1zkCo+4ZwqOiF9d/nZnYozTISxXWCfNs9yuky5rJw4/W34s7POaNlbZmQGaB5NiXCbP4w=="
        },
        "node_modules/marked": {
            "version": "1.2.5",
            "resolved": "https://registry.npmjs.org/marked/-/marked-1.2.5.tgz",
            "integrity": "sha512-2AlqgYnVPOc9WDyWu7S5DJaEZsfk6dNh/neatQ3IHUW4QLutM/VPSH9lG7bif+XjFWc9K9XR3QvR+fXuECmfdA==",
            "bin": {
                "marked": "bin/marked"
            },
            "engines": {
                "node": ">= 8.16.2"
            }
        },
        "node_modules/typescript": {
            "version": "3.9.7",
            "resolved": "https://registry.npmjs.org/typescript/-/typescript-3.9.7.tgz",
            "integrity": "sha512-BLbiRkiBzAwsjut4x/dsibSTB6yWpwT5qWmC2OfuCg3GgVQCSgMs4vEctYPhsaGtd0AeuuHMkjZ2h2WG8MSzRw==",
            "dev": true,
            "bin": {
                "tsc": "bin/tsc",
                "tsserver": "bin/tsserver"
            },
            "engines": {
                "node": ">=4.2.0"
            }
        }
    },
    "dependencies": {
        "@types/marked": {
            "version": "1.2.0",
            "resolved": "https://registry.npmjs.org/@types/marked/-/marked-1.2.0.tgz",
            "integrity": "sha512-Kj9T+GlJrQQbXL0R6/zuYLaqlrtTmEVXl5LojsjA3KbPn1IpetEUFwJWCi4aDgATtvaR5Yj5vqSGX9upoLbBng==",
            "dev": true
        },
        "@types/node": {
            "version": "14.14.9",
            "resolved": "https://registry.npmjs.org/@types/node/-/node-14.14.9.tgz",
            "integrity": "sha512-JsoLXFppG62tWTklIoO4knA+oDTYsmqWxHRvd4lpmfQRNhX6osheUOWETP2jMoV/2bEHuMra8Pp3Dmo/stBFcw==",
            "dev": true
        },
        "amato": {
            "version": "1.0.0",
            "resolved": "https://registry.npmjs.org/amato/-/amato-1.0.0.tgz",
            "integrity": "sha512-b1agZOvWa2f8KH6/GBNJ7bmtKrgs+RGqNHwEarf2FT8r1T9bnK04dE5mTjn/VHK0Khe4lgucXg2RW7oNo8ZmNg==",
            "requires": {
                "json-loader": "^0.5.7",
                "marked": "^1.2.5"
            }
        },
        "json-loader": {
            "version": "0.5.7",
            "resolved": "https://registry.npmjs.org/json-loader/-/json-loader-0.5.7.tgz",
            "integrity": "sha512-QLPs8Dj7lnf3e3QYS1zkCo+4ZwqOiF9d/nZnYozTISxXWCfNs9yuky5rJw4/W34s7POaNlbZmQGaB5NiXCbP4w=="
        },
        "marked": {
            "version": "1.2.5",
            "resolved": "https://registry.npmjs.org/marked/-/marked-1.2.5.tgz",
            "integrity": "sha512-2AlqgYnVPOc9WDyWu7S5DJaEZsfk6dNh/neatQ3IHUW4QLutM/VPSH9lG7bif+XjFWc9K9XR3QvR+fXuECmfdA=="
        },
        "typescript": {
            "version": "3.9.7",
            "resolved": "https://registry.npmjs.org/typescript/-/typescript-3.9.7.tgz",
            "integrity": "sha512-BLbiRkiBzAwsjut4x/dsibSTB6yWpwT5qWmC2OfuCg3GgVQCSgMs4vEctYPhsaGtd0AeuuHMkjZ2h2WG8MSzRw==",
            "dev": true
        }
    }
}
